
Microsoft Visual Studio Solution File, Format Version 12.00
# Visual Studio Version 17
VisualStudioVersion = 17.14.37012.4 d17.14
MinimumVisualStudioVersion = 10.0.40219.1
Project("{FAE04EC0-301F-11D3-BF4B-00C04F79EFBC}") = "JurnalModul5_103082400023", "JurnalModul5_103082400023.csproj", "{6FA4BB15-C3A4-41A5-944C-F1AF9225873D}"
EndProject
Global
	GlobalSection(SolutionConfigurationPlatforms) = preSolution
		Debug|Any CPU = Debug|Any CPU
		Release|Any CPU = Release|Any CPU
	EndGlobalSection
	GlobalSection(ProjectConfigurationPlatforms) = postSolution
		{6FA4BB15-C3A4-41A5-944C-F1AF9225873D}.Debug|Any CPU.ActiveCfg = Debug|Any CPU
		{6FA4BB15-C3A4-41A5-944C-F1AF9225873D}.Debug|Any CPU.Build.0 = Debug|Any CPU
		{6FA4BB15-C3A4-41A5-944C-F1AF9225873D}.Release|Any CPU.ActiveCfg = Release|Any CPU
		{6FA4BB15-C3A4-41A5-944C-F1AF9225873D}.Release|Any CPU.Build.0 = Release|Any CPU
	EndGlobalSection
	GlobalSection(SolutionProperties) = preSolution
		HideSolutionNode = FALSE
	EndGlobalSection
	GlobalSection(ExtensibilityGlobals) = postSolution
		SolutionGuid = {4EC95D4A-BAFA-4AE0-9366-77BBB9CD03F5}
	EndGlobalSection
EndGlobal
